// !$*UTF8*$!
{
	archiveVersion = 1;
	classes = {
	};
	objectVersion = 56;
	objects = {

/* Begin PBXBuildFile section */
		84B3F8C42A6996F000D91DED /* Dynamic_Notification_Watch_AppApp.swift in Sources */ = {isa = PBXBuildFile; fileRef = 84B3F8C32A6996F000D91DED /* Dynamic_Notification_Watch_AppApp.swift */; };
		84B3F8C62A6996F000D91DED /* ContentView.swift in Sources */ = {isa = PBXBuildFile; fileRef = 84B3F8C52A6996F000D91DED /* ContentView.swift */; };
		84B3F8C82A6996F200D91DED /* Assets.xcassets in Resources */ = {isa = PBXBuildFile; fileRef = 84B3F8C72A6996F200D91DED /* Assets.xcassets */; };
		84B3F8CB2A6996F200D91DED /* Preview Assets.xcassets in Resources */ = {isa = PBXBuildFile; fileRef = 84B3F8CA2A6996F200D91DED /* Preview Assets.xcassets */; };
		84B3F8D12A6996F200D91DED /* Dynamic Notification Watch App Watch App.app in Embed Watch Content */ = {isa = PBXBuildFile; fileRef = 84B3F8D02A6996F200D91DED /* Dynamic Notification Watch App Watch App.app */; settings = {ATTRIBUTES = (RemoveHeadersOnCopy, ); }; };
		84B3F8D62A6996F200D91DED /* Dynamic_Notification_Watch_AppApp.swift in Sources */ = {isa = PBXBuildFile; fileRef = 84B3F8D52A6996F200D91DED /* Dynamic_Notification_Watch_AppApp.swift */; };
		84B3F8D82A6996F200D91DED /* ContentView.swift in Sources */ = {isa = PBXBuildFile; fileRef = 84B3F8D72A6996F200D91DED /* ContentView.swift */; };
		84B3F8DA2A6996F300D91DED /* Assets.xcassets in Resources */ = {isa = PBXBuildFile; fileRef = 84B3F8D92A6996F300D91DED /* Assets.xcassets */; };
		84B3F8DD2A6996F300D91DED /* Preview Assets.xcassets in Resources */ = {isa = PBXBuildFile; fileRef = 84B3F8DC2A6996F300D91DED /* Preview Assets.xcassets */; };
		84B3F8E82A699AA400D91DED /* NotificationView.swift in Sources */ = {isa = PBXBuildFile; fileRef = 84B3F8E72A699AA400D91DED /* NotificationView.swift */; };
		84B3F8EA2A69A00600D91DED /* Interface.storyboard in Resources */ = {isa = PBXBuildFile; fileRef = 84B3F8E92A69A00600D91DED /* Interface.storyboard */; };
/* End PBXBuildFile section */

/* Begin PBXContainerItemProxy section */
		84B3F8D22A6996F200D91DED /* PBXContainerItemProxy */ = {
			isa = PBXContainerItemProxy;
			containerPortal = 84B3F8B82A6996F000D91DED /* Project object */;
			proxyType = 1;
			remoteGlobalIDString = 84B3F8CF2A6996F200D91DED;
			remoteInfo = "Dynamic Notification Watch App Watch App";
		};
/* End PBXContainerItemProxy section */

/* Begin PBXCopyFilesBuildPhase section */
		84B3F8E32A6996F300D91DED /* Embed Watch Content */ = {
			isa = PBXCopyFilesBuildPhase;
			buildActionMask = 2147483647;
			dstPath = "$(CONTENTS_FOLDER_PATH)/Watch";
			dstSubfolderSpec = 16;
			files = (
				84B3F8D12A6996F200D91DED /* Dynamic Notification Watch App Watch App.app in Embed Watch Content */,
			);
			name = "Embed Watch Content";
			runOnlyForDeploymentPostprocessing = 0;
		};
/* End PBXCopyFilesBuildPhase section */

/* Begin PBXFileReference section */
		84B3F8C02A6996F000D91DED /* Dynamic Notification Watch App.app */ = {isa = PBXFileReference; explicitFileType = wrapper.application; includeInIndex = 0; path = "Dynamic Notification Watch App.app"; sourceTree = BUILT_PRODUCTS_DIR; };
		84B3F8C32A6996F000D91DED /* Dynamic_Notification_Watch_AppApp.swift */ = {isa = PBXFileReference; lastKnownFileType = sourcecode.swift; path = Dynamic_Notification_Watch_AppApp.swift; sourceTree = "<group>"; };
		84B3F8C52A6996F000D91DED /* ContentView.swift */ = {isa = PBXFileReference; lastKnownFileType = sourcecode.swift; path = ContentView.swift; sourceTree = "<group>"; };
		84B3F8C72A6996F200D91DED /* Assets.xcassets */ = {isa = PBXFileReference; lastKnownFileType = folder.assetcatalog; path = Assets.xcassets; sourceTree = "<group>"; };
		84B3F8CA2A6996F200D91DED /* Preview Assets.xcassets */ = {isa = PBXFileReference; lastKnownFileType = folder.assetcatalog; path = "Preview Assets.xcassets"; sourceTree = "<group>"; };
		84B3F8D02A6996F200D91DED /* Dynamic Notification Watch App Watch App.app */ = {isa = PBXFileReference; explicitFileType = wrapper.application; includeInIndex = 0; path = "Dynamic Notification Watch App Watch App.app"; sourceTree = BUILT_PRODUCTS_DIR; };
		84B3F8D52A6996F200D91DED /* Dynamic_Notification_Watch_AppApp.swift */ = {isa = PBXFileReference; lastKnownFileType = sourcecode.swift; path = Dynamic_Notification_Watch_AppApp.swift; sourceTree = "<group>"; };
		84B3F8D72A6996F200D91DED /* ContentView.swift */ = {isa = PBXFileReference; lastKnownFileType = sourcecode.swift; path = ContentView.swift; sourceTree = "<group>"; };
		84B3F8D92A6996F300D91DED /* Assets.xcassets */ = {isa = PBXFileReference; lastKnownFileType = folder.assetcatalog; path = Assets.xcassets; sourceTree = "<group>"; };
		84B3F8DC2A6996F300D91DED /* Preview Assets.xcassets */ = {isa = PBXFileReference; lastKnownFileType = folder.assetcatalog; path = "Preview Assets.xcassets"; sourceTree = "<group>"; };
		84B3F8E72A699AA400D91DED /* NotificationView.swift */ = {isa = PBXFileReference; lastKnownFileType = sourcecode.swift; path = NotificationView.swift; sourceTree = "<group>"; };
		84B3F8E92A69A00600D91DED /* Interface.storyboard */ = {isa = PBXFileReference; lastKnownFileType = file.storyboard; path = Interface.storyboard; sourceTree = "<group>"; };
/* End PBXFileReference section */

/* Begin PBXFrameworksBuildPhase section */
		84B3F8BD2A6996F000D91DED /* Frameworks */ = {
			isa = PBXFrameworksBuildPhase;
			buildActionMask = 2147483647;
			files = (
			);
			runOnlyForDeploymentPostprocessing = 0;
		};
		84B3F8CD2A6996F200D91DED /* Frameworks */ = {
			isa = PBXFrameworksBuildPhase;
			buildActionMask = 2147483647;
			files = (
			);
			runOnlyForDeploymentPostprocessing = 0;
		};
/* End PBXFrameworksBuildPhase section */

/* Begin PBXGroup section */
		84B3F8B72A6996F000D91DED = {
			isa = PBXGroup;
			children = (
				84B3F8C22A6996F000D91DED /* Dynamic Notification Watch App */,
				84B3F8D42A6996F200D91DED /* Dynamic Notification Watch App Watch App */,
				84B3F8C12A6996F000D91DED /* Products */,
			);
			sourceTree = "<group>";
		};
		84B3F8C12A6996F000D91DED /* Products */ = {
			isa = PBXGroup;
			children = (
				84B3F8C02A6996F000D91DED /* Dynamic Notification Watch App.app */,
				84B3F8D02A6996F200D91DED /* Dynamic Notification Watch App Watch App.app */,
			);
			name = Products;
			sourceTree = "<group>";
		};
		84B3F8C22A6996F000D91DED /* Dynamic Notification Watch App */ = {
			isa = PBXGroup;
			children = (
				84B3F8C32A6996F000D91DED /* Dynamic_Notification_Watch_AppApp.swift */,
				84B3F8C52A6996F000D91DED /* ContentView.swift */,
				84B3F8C72A6996F200D91DED /* Assets.xcassets */,
				84B3F8C92A6996F200D91DED /* Preview Content */,
			);
			path = "Dynamic Notification Watch App";
			sourceTree = "<group>";
		};
		84B3F8C92A6996F200D91DED /* Preview Content */ = {
			isa = PBXGroup;
			children = (
				84B3F8CA2A6996F200D91DED /* Preview Assets.xcassets */,
			);
			path = "Preview Content";
			sourceTree = "<group>";
		};
		84B3F8D42A6996F200D91DED /* Dynamic Notification Watch App Watch App */ = {
			isa = PBXGroup;
			children = (
				84B3F8D52A6996F200D91DED /* Dynamic_Notification_Watch_AppApp.swift */,
				84B3F8D72A6996F200D91DED /* ContentView.swift */,
				84B3F8D92A6996F300D91DED /* Assets.xcassets */,
				84B3F8DB2A6996F300D91DED /* Preview Content */,
				84B3F8E72A699AA400D91DED /* NotificationView.swift */,
				84B3F8E92A69A00600D91DED /* Interface.storyboard */,
			);
			path = "Dynamic Notification Watch App Watch App";
			sourceTree = "<group>";
		};
		84B3F8DB2A6996F300D91DED /* Preview Content */ = {
			isa = PBXGroup;
			children = (
				84B3F8DC2A6996F300D91DED /* Preview Assets.xcassets */,
			);
			path = "Preview Content";
			sourceTree = "<group>";
		};
/* End PBXGroup section */

/* Begin PBXNativeTarget section */
		84B3F8BF2A6996F000D91DED /* Dynamic Notification Watch App */ = {
			isa = PBXNativeTarget;
			buildConfigurationList = 84B3F8E42A6996F300D91DED /* Build configuration list for PBXNativeTarget "Dynamic Notification Watch App" */;
			buildPhases = (
				84B3F8BC2A6996F000D91DED /* Sources */,
				84B3F8BD2A6996F000D91DED /* Frameworks */,
				84B3F8BE2A6996F000D91DED /* Resources */,
				84B3F8E32A6996F300D91DED /* Embed Watch Content */,
			);
			buildRules = (
			);
			dependencies = (
				84B3F8D32A6996F200D91DED /* PBXTargetDependency */,
			);
			name = "Dynamic Notification Watch App";
			productName = "Dynamic Notification Watch App";
			productReference = 84B3F8C02A6996F000D91DED /* Dynamic Notification Watch App.app */;
			productType = "com.apple.product-type.application";
		};
		84B3F8CF2A6996F200D91DED /* Dynamic Notification Watch App Watch App */ = {
			isa = PBXNativeTarget;
			buildConfigurationList = 84B3F8E02A6996F300D91DED /* Build configuration list for PBXNativeTarget "Dynamic Notification Watch App Watch App" */;
			buildPhases = (
				84B3F8CC2A6996F200D91DED /* Sources */,
				84B3F8CD2A6996F200D91DED /* Frameworks */,
				84B3F8CE2A6996F200D91DED /* Resources */,
			);
			buildRules = (
			);
			dependencies = (
			);
			name = "Dynamic Notification Watch App Watch App";
			productName = "Dynamic Notification Watch App Watch App";
			productReference = 84B3F8D02A6996F200D91DED /* Dynamic Notification Watch App Watch App.app */;
			productType = "com.apple.product-type.application";
		};
/* End PBXNativeTarget section */

/* Begin PBXProject section */
		84B3F8B82A6996F000D91DED /* Project object */ = {
			isa = PBXProject;
			attributes = {
				BuildIndependentTargetsInParallel = 1;
				LastSwiftUpdateCheck = 1430;
				LastUpgradeCheck = 1430;
				TargetAttributes = {
					84B3F8BF2A6996F000D91DED = {
						CreatedOnToolsVersion = 14.3.1;
					};
					84B3F8CF2A6996F200D91DED = {
						CreatedOnToolsVersion = 14.3.1;
					};
				};
			};
			buildConfigurationList = 84B3F8BB2A6996F000D91DED /* Build configuration list for PBXProject "Dynamic Notification Watch App" */;
			compatibilityVersion = "Xcode 14.0";
			developmentRegion = en;
			hasScannedForEncodings = 0;
			knownRegions = (
				en,
				Base,
			);
			mainGroup = 84B3F8B72A6996F000D91DED;
			productRefGroup = 84B3F8C12A6996F000D91DED /* Products */;
			projectDirPath = "";
			projectRoot = "";
			targets = (
				84B3F8BF2A6996F000D91DED /* Dynamic Notification Watch App */,
				84B3F8CF2A6996F200D91DED /* Dynamic Notification Watch App Watch App */,
			);
		};
/* End PBXProject section */

/* Begin PBXResourcesBuildPhase section */
		84B3F8BE2A6996F000D91DED /* Resources */ = {
			isa = PBXResourcesBuildPhase;
			buildActionMask = 2147483647;
			files = (
				84B3F8CB2A6996F200D91DED /* Preview Assets.xcassets in Resources */,
				84B3F8C82A6996F200D91DED /* Assets.xcassets in Resources */,
			);
			runOnlyForDeploymentPostprocessing = 0;
		};
		84B3F8CE2A6996F200D91DED /* Resources */ = {
			isa = PBXResourcesBuildPhase;
			buildActionMask = 2147483647;
			files = (
				84B3F8DD2A6996F300D91DED /* Preview Assets.xcassets in Resources */,
				84B3F8EA2A69A00600D91DED /* Interface.storyboard in Resources */,
				84B3F8DA2A6996F300D91DED /* Assets.xcassets in Resources */,
			);
			runOnlyForDeploymentPostprocessing = 0;
		};
/* End PBXResourcesBuildPhase section */

/* Begin PBXSourcesBuildPhase section */
		84B3F8BC2A6996F000D91DED /* Sources */ = {
			isa = PBXSourcesBuildPhase;
			buildActionMask = 2147483647;
			files = (
				84B3F8C62A6996F000D91DED /* ContentView.swift in Sources */,
				84B3F8C42A6996F000D91DED /* Dynamic_Notification_Watch_AppApp.swift in Sources */,
			);
			runOnlyForDeploymentPostprocessing = 0;
		};
		84B3F8CC2A6996F200D91DED /* Sources */ = {
			isa = PBXSourcesBuildPhase;
			buildActionMask = 2147483647;
			files = (
				84B3F8D82A6996F200D91DED /* ContentView.swift in Sources */,
				84B3F8D62A6996F200D91DED /* Dynamic_Notification_Watch_AppApp.swift in Sources */,
				84B3F8E82A699AA400D91DED /* NotificationView.swift in Sources */,
			);
			runOnlyForDeploymentPostprocessing = 0;
		};
/* End PBXSourcesBuildPhase section */

/* Begin PBXTargetDependency section */
		84B3F8D32A6996F200D91DED /* PBXTargetDependency */ = {
			isa = PBXTargetDependency;
			target = 84B3F8CF2A6996F200D91DED /* Dynamic Notification Watch App Watch App */;
			targetProxy = 84B3F8D22A6996F200D91DED /* PBXContainerItemProxy */;
		};
/* End PBXTargetDependency section */

/* Begin XCBuildConfiguration section */
		84B3F8DE2A6996F300D91DED /* Debug */ = {
			isa = XCBuildConfiguration;
			buildSettings = {
				ALWAYS_SEARCH_USER_PATHS = NO;
				CLANG_ANALYZER_NONNULL = YES;
				CLANG_ANALYZER_NUMBER_OBJECT_CONVERSION = YES_AGGRESSIVE;
				CLANG_CXX_LANGUAGE_STANDARD = "gnu++20";
				CLANG_ENABLE_MODULES = YES;
				CLANG_ENABLE_OBJC_ARC = YES;
				CLANG_ENABLE_OBJC_WEAK = YES;
				CLANG_WARN_BLOCK_CAPTURE_AUTORELEASING = YES;
				CLANG_WARN_BOOL_CONVERSION = YES;
				CLANG_WARN_COMMA = YES;
				CLANG_WARN_CONSTANT_CONVERSION = YES;
				CLANG_WARN_DEPRECATED_OBJC_IMPLEMENTATIONS = YES;
				CLANG_WARN_DIRECT_OBJC_ISA_USAGE = YES_ERROR;
				CLANG_WARN_DOCUMENTATION_COMMENTS = YES;
				CLANG_WARN_EMPTY_BODY = YES;
				CLANG_WARN_ENUM_CONVERSION = YES;
				CLANG_WARN_INFINITE_RECURSION = YES;
				CLANG_WARN_INT_CONVERSION = YES;
				CLANG_WARN_NON_LITERAL_NULL_CONVERSION = YES;
				CLANG_WARN_OBJC_IMPLICIT_RETAIN_SELF = YES;
				CLANG_WARN_OBJC_LITERAL_CONVERSION = YES;
				CLANG_WARN_OBJC_ROOT_CLASS = YES_ERROR;
				CLANG_WARN_QUOTED_INCLUDE_IN_FRAMEWORK_HEADER = YES;
				CLANG_WARN_RANGE_LOOP_ANALYSIS = YES;
				CLANG_WARN_STRICT_PROTOTYPES = YES;
				CLANG_WARN_SUSPICIOUS_MOVE = YES;
				CLANG_WARN_UNGUARDED_AVAILABILITY = YES_AGGRESSIVE;
				CLANG_WARN_UNREACHABLE_CODE = YES;
				CLANG_WARN__DUPLICATE_METHOD_MATCH = YES;
				COPY_PHASE_STRIP = NO;
				DEBUG_INFORMATION_FORMAT = dwarf;
				ENABLE_STRICT_OBJC_MSGSEND = YES;
				ENABLE_TESTABILITY = YES;
				GCC_C_LANGUAGE_STANDARD = gnu11;
				GCC_DYNAMIC_NO_PIC = NO;
				GCC_NO_COMMON_BLOCKS = YES;
				GCC_OPTIMIZATION_LEVEL = 0;
				GCC_PREPROCESSOR_DEFINITIONS = (
					"DEBUG=1",
					"$(inherited)",
				);
				GCC_WARN_64_TO_32_BIT_CONVERSION = YES;
				GCC_WARN_ABOUT_RETURN_TYPE = YES_ERROR;
				GCC_WARN_UNDECLARED_SELECTOR = YES;
				GCC_WARN_UNINITIALIZED_AUTOS = YES_AGGRESSIVE;
				GCC_WARN_UNUSED_FUNCTION = YES;
				GCC_WARN_UNUSED_VARIABLE = YES;
				MTL_ENABLE_DEBUG_INFO = INCLUDE_SOURCE;
				MTL_FAST_MATH = YES;
				ONLY_ACTIVE_ARCH = YES;
				SWIFT_ACTIVE_COMPILATION_CONDITIONS = DEBUG;
				SWIFT_OPTIMIZATION_LEVEL = "-Onone";
			};
			name = Debug;
		};
		84B3F8DF2A6996F300D91DED /* Release */ = {
			isa = XCBuildConfiguration;
			buildSettings = {
				ALWAYS_SEARCH_USER_PATHS = NO;
				CLANG_ANALYZER_NONNULL = YES;
				CLANG_ANALYZER_NUMBER_OBJECT_CONVERSION = YES_AGGRESSIVE;
				CLANG_CXX_LANGUAGE_STANDARD = "gnu++20";
				CLANG_ENABLE_MODULES = YES;
				CLANG_ENABLE_OBJC_ARC = YES;
				CLANG_ENABLE_OBJC_WEAK = YES;
				CLANG_WARN_BLOCK_CAPTURE_AUTORELEASING = YES;
				CLANG_WARN_BOOL_CONVERSION = YES;
				CLANG_WARN_COMMA = YES;
				CLANG_WARN_CONSTANT_CONVERSION = YES;
				CLANG_WARN_DEPRECATED_OBJC_IMPLEMENTATIONS = YES;
				CLANG_WARN_DIRECT_OBJC_ISA_USAGE = YES_ERROR;
				CLANG_WARN_DOCUMENTATION_COMMENTS = YES;
				CLANG_WARN_EMPTY_BODY = YES;
				CLANG_WARN_ENUM_CONVERSION = YES;
				CLANG_WARN_INFINITE_RECURSION = YES;
				CLANG_WARN_INT_CONVERSION = YES;
				CLANG_WARN_NON_LITERAL_NULL_CONVERSION = YES;
				CLANG_WARN_OBJC_IMPLICIT_RETAIN_SELF = YES;
				CLANG_WARN_OBJC_LITERAL_CONVERSION = YES;
				CLANG_WARN_OBJC_ROOT_CLASS = YES_ERROR;
				CLANG_WARN_QUOTED_INCLUDE_IN_FRAMEWORK_HEADER = YES;
				CLANG_WARN_RANGE_LOOP_ANALYSIS = YES;
				CLANG_WARN_STRICT_PROTOTYPES = YES;
				CLANG_WARN_SUSPICIOUS_MOVE = YES;
				CLANG_WARN_UNGUARDED_AVAILABILITY = YES_AGGRESSIVE;
				CLANG_WARN_UNREACHABLE_CODE = YES;
				CLANG_WARN__DUPLICATE_METHOD_MATCH = YES;
				COPY_PHASE_STRIP = NO;
				DEBUG_INFORMATION_FORMAT = "dwarf-with-dsym";
				ENABLE_NS_ASSERTIONS = NO;
				ENABLE_STRICT_OBJC_MSGSEND = YES;
				GCC_C_LANGUAGE_STANDARD = gnu11;
				GCC_NO_COMMON_BLOCKS = YES;
				GCC_WARN_64_TO_32_BIT_CONVERSION = YES;
				GCC_WARN_ABOUT_RETURN_TYPE = YES_ERROR;
				GCC_WARN_UNDECLARED_SELECTOR = YES;
				GCC_WARN_UNINITIALIZED_AUTOS = YES_AGGRESSIVE;
				GCC_WARN_UNUSED_FUNCTION = YES;
				GCC_WARN_UNUSED_VARIABLE = YES;
				MTL_ENABLE_DEBUG_INFO = NO;
				MTL_FAST_MATH = YES;
				SWIFT_COMPILATION_MODE = wholemodule;
				SWIFT_OPTIMIZATION_LEVEL = "-O";
			};
			name = Release;
		};
		84B3F8E12A6996F300D91DED /* Debug */ = {
			isa = XCBuildConfiguration;
			buildSettings = {
				ASSETCATALOG_COMPILER_APPICON_NAME = AppIcon;
				ASSETCATALOG_COMPILER_GLOBAL_ACCENT_COLOR_NAME = AccentColor;
				CODE_SIGN_STYLE = Automatic;
				CURRENT_PROJECT_VERSION = 1;
				DEVELOPMENT_ASSET_PATHS = "\"Dynamic Notification Watch App Watch App/Preview Content\"";
				DEVELOPMENT_TEAM = 2VXQN7WJ4S;
				ENABLE_PREVIEWS = YES;
				GENERATE_INFOPLIST_FILE = YES;
				INFOPLIST_KEY_CFBundleDisplayName = "Dynamic Notification Watch App";
				INFOPLIST_KEY_UISupportedInterfaceOrientations = "UIInterfaceOrientationPortrait UIInterfaceOrientationPortraitUpsideDown";
				INFOPLIST_KEY_WKCompanionAppBundleIdentifier = "bitcooker.Dynamic-Notification-Watch-App";
				LD_RUNPATH_SEARCH_PATHS = (
					"$(inherited)",
					"@executable_path/Frameworks",
				);
				MARKETING_VERSION = 1.0;
				PRODUCT_BUNDLE_IDENTIFIER = "bitcooker.Dynamic-Notification-Watch-App.watchkitapp";
				PRODUCT_NAME = "$(TARGET_NAME)";
				SDKROOT = watchos;
				SKIP_INSTALL = YES;
				SWIFT_EMIT_LOC_STRINGS = YES;
				SWIFT_VERSION = 5.0;
				TARGETED_DEVICE_FAMILY = 4;
				WATCHOS_DEPLOYMENT_TARGET = 9.4;
			};
			name = Debug;
		};
		84B3F8E22A6996F300D91DED /* Release */ = {
			isa = XCBuildConfiguration;
			buildSettings = {
				ASSETCATALOG_COMPILER_APPICON_NAME = AppIcon;
				ASSETCATALOG_COMPILER_GLOBAL_ACCENT_COLOR_NAME = AccentColor;
				CODE_SIGN_STYLE = Automatic;
				CURRENT_PROJECT_VERSION = 1;
				DEVELOPMENT_ASSET_PATHS = "\"Dynamic Notification Watch App Watch App/Preview Content\"";
				DEVELOPMENT_TEAM = 2VXQN7WJ4S;
				ENABLE_PREVIEWS = YES;
				GENERATE_INFOPLIST_FILE = YES;
				INFOPLIST_KEY_CFBundleDisplayName = "Dynamic Notification Watch App";
				INFOPLIST_KEY_UISupportedInterfaceOrientations = "UIInterfaceOrientationPortrait UIInterfaceOrientationPortraitUpsideDown";
				INFOPLIST_KEY_WKCompanionAppBundleIdentifier = "bitcooker.Dynamic-Notification-Watch-App";
				LD_RUNPATH_SEARCH_PATHS = (
					"$(inherited)",
					"@executable_path/Frameworks",
				);
				MARKETING_VERSION = 1.0;
				PRODUCT_BUNDLE_IDENTIFIER = "bitcooker.Dynamic-Notification-Watch-App.watchkitapp";
				PRODUCT_NAME = "$(TARGET_NAME)";
				SDKROOT = watchos;
				SKIP_INSTALL = YES;
				SWIFT_EMIT_LOC_STRINGS = YES;
				SWIFT_VERSION = 5.0;
				TARGETED_DEVICE_FAMILY = 4;
				VALIDATE_PRODUCT = YES;
				WATCHOS_DEPLOYMENT_TARGET = 9.4;
			};
			name = Release;
		};
		84B3F8E52A6996F300D91DED /* Debug */ = {
			isa = XCBuildConfiguration;
			buildSettings = {
				ALWAYS_EMBED_SWIFT_STANDARD_LIBRARIES = YES;
				ASSETCATALOG_COMPILER_APPICON_NAME = AppIcon;
				ASSETCATALOG_COMPILER_GLOBAL_ACCENT_COLOR_NAME = AccentColor;
				CODE_SIGN_STYLE = Automatic;
				CURRENT_PROJECT_VERSION = 1;
				DEVELOPMENT_ASSET_PATHS = "\"Dynamic Notification Watch App/Preview Content\"";
				DEVELOPMENT_TEAM = 2VXQN7WJ4S;
				ENABLE_PREVIEWS = YES;
				GENERATE_INFOPLIST_FILE = YES;
				INFOPLIST_KEY_CFBundleDisplayName = "Dynamic Notification Watch App";
				INFOPLIST_KEY_UIApplicationSceneManifest_Generation = YES;
				INFOPLIST_KEY_UIApplicationSupportsIndirectInputEvents = YES;
				INFOPLIST_KEY_UILaunchScreen_Generation = YES;
				INFOPLIST_KEY_UISupportedInterfaceOrientations_iPad = "UIInterfaceOrientationPortrait UIInterfaceOrientationPortraitUpsideDown UIInterfaceOrientationLandscapeLeft UIInterfaceOrientationLandscapeRight";
				INFOPLIST_KEY_UISupportedInterfaceOrientations_iPhone = "UIInterfaceOrientationPortrait UIInterfaceOrientationLandscapeLeft UIInterfaceOrientationLandscapeRight";
				IPHONEOS_DEPLOYMENT_TARGET = 16.4;
				LD_RUNPATH_SEARCH_PATHS = (
					"$(inherited)",
					"@executable_path/Frameworks",
				);
				MARKETING_VERSION = 1.0;
				PRODUCT_BUNDLE_IDENTIFIER = "bitcooker.Dynamic-Notification-Watch-App";
				PRODUCT_NAME = "$(TARGET_NAME)";
				SDKROOT = iphoneos;
				SWIFT_EMIT_LOC_STRINGS = YES;
				SWIFT_VERSION = 5.0;
				TARGETED_DEVICE_FAMILY = "1,2";
			};
			name = Debug;
		};
		84B3F8E62A6996F300D91DED /* Release */ = {
			isa = XCBuildConfiguration;
			buildSettings = {
				ALWAYS_EMBED_SWIFT_STANDARD_LIBRARIES = YES;
				ASSETCATALOG_COMPILER_APPICON_NAME = AppIcon;
				ASSETCATALOG_COMPILER_GLOBAL_ACCENT_COLOR_NAME = AccentColor;
				CODE_SIGN_STYLE = Automatic;
				CURRENT_PROJECT_VERSION = 1;
				DEVELOPMENT_ASSET_PATHS = "\"Dynamic Notification Watch App/Preview Content\"";
				DEVELOPMENT_TEAM = 2VXQN7WJ4S;
				ENABLE_PREVIEWS = YES;
				GENERATE_INFOPLIST_FILE = YES;
				INFOPLIST_KEY_CFBundleDisplayName = "Dynamic Notification Watch App";
				INFOPLIST_KEY_UIApplicationSceneManifest_Generation = YES;
				INFOPLIST_KEY_UIApplicationSupportsIndirectInputEvents = YES;
				INFOPLIST_KEY_UILaunchScreen_Generation = YES;
				INFOPLIST_KEY_UISupportedInterfaceOrientations_iPad = "UIInterfaceOrientationPortrait UIInterfaceOrientationPortraitUpsideDown UIInterfaceOrientationLandscapeLeft UIInterfaceOrientationLandscapeRight";
				INFOPLIST_KEY_UISupportedInterfaceOrientations_iPhone = "UIInterfaceOrientationPortrait UIInterfaceOrientationLandscapeLeft UIInterfaceOrientationLandscapeRight";
				IPHONEOS_DEPLOYMENT_TARGET = 16.4;
				LD_RUNPATH_SEARCH_PATHS = (
					"$(inherited)",
					"@executable_path/Frameworks",
				);
				MARKETING_VERSION = 1.0;
				PRODUCT_BUNDLE_IDENTIFIER = "bitcooker.Dynamic-Notification-Watch-App";
				PRODUCT_NAME = "$(TARGET_NAME)";
				SDKROOT = iphoneos;
				SWIFT_EMIT_LOC_STRINGS = YES;
				SWIFT_VERSION = 5.0;
				TARGETED_DEVICE_FAMILY = "1,2";
				VALIDATE_PRODUCT = YES;
			};
			name = Release;
		};
/* End XCBuildConfiguration section */

/* Begin XCConfigurationList section */
		84B3F8BB2A6996F000D91DED /* Build configuration list for PBXProject "Dynamic Notification Watch App" */ = {
			isa = XCConfigurationList;
			buildConfigurations = (
				84B3F8DE2A6996F300D91DED /* Debug */,
				84B3F8DF2A6996F300D91DED /* Release */,
			);
			defaultConfigurationIsVisible = 0;
			defaultConfigurationName = Release;
		};
		84B3F8E02A6996F300D91DED /* Build configuration list for PBXNativeTarget "Dynamic Notification Watch App Watch App" */ = {
			isa = XCConfigurationList;
			buildConfigurations = (
				84B3F8E12A6996F300D91DED /* Debug */,
				84B3F8E22A6996F300D91DED /* Release */,
			);
			defaultConfigurationIsVisible = 0;
			defaultConfigurationName = Release;
		};
		84B3F8E42A6996F300D91DED /* Build configuration list for PBXNativeTarget "Dynamic Notification Watch App" */ = {
			isa = XCConfigurationList;
			buildConfigurations = (
				84B3F8E52A6996F300D91DED /* Debug */,
				84B3F8E62A6996F300D91DED /* Release */,
			);
			defaultConfigurationIsVisible = 0;
			defaultConfigurationName = Release;
		};
/* End XCConfigurationList section */
	};
	rootObject = 84B3F8B82A6996F000D91DED /* Project object */;
}
